
Microsoft Visual Studio Solution File, Format Version 12.00
# Visual Studio Version 17
VisualStudioVersion = 17.8.34309.116
MinimumVisualStudioVersion = 10.0.40219.1
Project("{C9674DCB-5085-4A16-B785-4C70DD1589BD}") = "SSIS_Staging", "SSIS_Staging.dtproj", "{3869BCA2-1B98-4931-BFE2-4C817359ADC1}"
EndProject
Global
	GlobalSection(SolutionConfigurationPlatforms) = preSolution
		Development|Default = Development|Default
	EndGlobalSection
	GlobalSection(ProjectConfigurationPlatforms) = postSolution
		{3869BCA2-1B98-4931-BFE2-4C817359ADC1}.Development|Default.ActiveCfg = Development
		{3869BCA2-1B98-4931-BFE2-4C817359ADC1}.Development|Default.Build.0 = Development
	EndGlobalSection
	GlobalSection(SolutionProperties) = preSolution
		HideSolutionNode = FALSE
	EndGlobalSection
	GlobalSection(ExtensibilityGlobals) = postSolution
		SolutionGuid = {3CD6A36B-15A3-46EE-A43B-AC665A2E7479}
	EndGlobalSection
EndGlobal
