
Microsoft Visual Studio Solution File, Format Version 12.00
# Visual Studio Version 17
VisualStudioVersion = 17.8.34309.116
MinimumVisualStudioVersion = 10.0.40219.1
Project("{C9674DCB-5085-4A16-B785-4C70DD1589BD}") = "DW_ETL", "DW_ETL.dtproj", "{70AB51E3-A82C-4541-A70D-1866A9CBF172}"
EndProject
Global
	GlobalSection(SolutionConfigurationPlatforms) = preSolution
		Development|Default = Development|Default
	EndGlobalSection
	GlobalSection(ProjectConfigurationPlatforms) = postSolution
		{70AB51E3-A82C-4541-A70D-1866A9CBF172}.Development|Default.ActiveCfg = Development
		{70AB51E3-A82C-4541-A70D-1866A9CBF172}.Development|Default.Build.0 = Development
	EndGlobalSection
	GlobalSection(SolutionProperties) = preSolution
		HideSolutionNode = FALSE
	EndGlobalSection
	GlobalSection(ExtensibilityGlobals) = postSolution
		SolutionGuid = {1753C224-5143-43F8-906B-19F4656C9AF8}
	EndGlobalSection
EndGlobal
